
Microsoft Visual Studio Solution File, Format Version 12.00
# Visual Studio Version 16
VisualStudioVersion = 16.0.33027.164
MinimumVisualStudioVersion = 10.0.40219.1
Project("{FAE04EC0-301F-11D3-BF4B-00C04F79EFBC}") = "Proiect TI", "Proiect TI\Proiect TI.csproj", "{3A3A67C6-8773-4458-BA2A-276DA2F039A1}"
EndProject
Global
	GlobalSection(SolutionConfigurationPlatforms) = preSolution
		Debug|Any CPU = Debug|Any CPU
		Release|Any CPU = Release|Any CPU
	EndGlobalSection
	GlobalSection(ProjectConfigurationPlatforms) = postSolution
		{3A3A67C6-8773-4458-BA2A-276DA2F039A1}.Debug|Any CPU.ActiveCfg = Debug|Any CPU
		{3A3A67C6-8773-4458-BA2A-276DA2F039A1}.Debug|Any CPU.Build.0 = Debug|Any CPU
		{3A3A67C6-8773-4458-BA2A-276DA2F039A1}.Release|Any CPU.ActiveCfg = Release|Any CPU
		{3A3A67C6-8773-4458-BA2A-276DA2F039A1}.Release|Any CPU.Build.0 = Release|Any CPU
	EndGlobalSection
	GlobalSection(SolutionProperties) = preSolution
		HideSolutionNode = FALSE
	EndGlobalSection
	GlobalSection(ExtensibilityGlobals) = postSolution
		SolutionGuid = {46341D37-8FD6-4DD2-966B-82DECF75A79A}
	EndGlobalSection
EndGlobal
